
Microsoft Visual Studio Solution File, Format Version 12.00
# Visual Studio Version 16
VisualStudioVersion = 16.0.30517.126
MinimumVisualStudioVersion = 10.0.40219.1
Project("{FAE04EC0-301F-11D3-BF4B-00C04F79EFBC}") = "Nebula.CI.Services.Plugin.ApiHost", "Nebula.CI.Services.Plugin.ApiHost\Nebula.CI.Services.Plugin.ApiHost.csproj", "{9D613490-311E-42C4-962E-6FBB3AF11FA7}"
EndProject
Project("{FAE04EC0-301F-11D3-BF4B-00C04F79EFBC}") = "Nebula.CI.Services.Plugin.Application", "Nebula.CI.Services.Plugin.Application\Nebula.CI.Services.Plugin.Application.csproj", "{E83E8E3E-7BF6-48AC-AFD7-E5B8FB2AECD9}"
EndProject
Project("{FAE04EC0-301F-11D3-BF4B-00C04F79EFBC}") = "Nebula.CI.Services.Plugin.Domain", "Nebula.CI.Services.Plugin.Domain\Nebula.CI.Services.Plugin.Domain.csproj", "{86385DFF-B90A-4DB7-AB07-CF73A22CDBBB}"
EndProject
Project("{FAE04EC0-301F-11D3-BF4B-00C04F79EFBC}") = "Nebula.CI.Services.Plugin.Application.Contracts", "Nebula.CI.Services.Plugin.Application.Contracts\Nebula.CI.Services.Plugin.Application.Contracts.csproj", "{7F1B56FC-F72E-4B72-830A-04824AE86098}"
EndProject
Project("{FAE04EC0-301F-11D3-BF4B-00C04F79EFBC}") = "Nebula.CI.Services.Plugin.Engine", "Nebula.CI.Services.Plugin.Engine\Nebula.CI.Services.Plugin.Engine.csproj", "{62833E76-A34E-4A94-A631-CFA2234A4191}"
EndProject
Global
	GlobalSection(SolutionConfigurationPlatforms) = preSolution
		Debug|Any CPU = Debug|Any CPU
		Release|Any CPU = Release|Any CPU
	EndGlobalSection
	GlobalSection(ProjectConfigurationPlatforms) = postSolution
		{9D613490-311E-42C4-962E-6FBB3AF11FA7}.Debug|Any CPU.ActiveCfg = Debug|Any CPU
		{9D613490-311E-42C4-962E-6FBB3AF11FA7}.Debug|Any CPU.Build.0 = Debug|Any CPU
		{9D613490-311E-42C4-962E-6FBB3AF11FA7}.Release|Any CPU.ActiveCfg = Release|Any CPU
		{9D613490-311E-42C4-962E-6FBB3AF11FA7}.Release|Any CPU.Build.0 = Release|Any CPU
		{E83E8E3E-7BF6-48AC-AFD7-E5B8FB2AECD9}.Debug|Any CPU.ActiveCfg = Debug|Any CPU
		{E83E8E3E-7BF6-48AC-AFD7-E5B8FB2AECD9}.Debug|Any CPU.Build.0 = Debug|Any CPU
		{E83E8E3E-7BF6-48AC-AFD7-E5B8FB2AECD9}.Release|Any CPU.ActiveCfg = Release|Any CPU
		{E83E8E3E-7BF6-48AC-AFD7-E5B8FB2AECD9}.Release|Any CPU.Build.0 = Release|Any CPU
		{86385DFF-B90A-4DB7-AB07-CF73A22CDBBB}.Debug|Any CPU.ActiveCfg = Debug|Any CPU
		{86385DFF-B90A-4DB7-AB07-CF73A22CDBBB}.Debug|Any CPU.Build.0 = Debug|Any CPU
		{86385DFF-B90A-4DB7-AB07-CF73A22CDBBB}.Release|Any CPU.ActiveCfg = Release|Any CPU
		{86385DFF-B90A-4DB7-AB07-CF73A22CDBBB}.Release|Any CPU.Build.0 = Release|Any CPU
		{7F1B56FC-F72E-4B72-830A-04824AE86098}.Debug|Any CPU.ActiveCfg = Debug|Any CPU
		{7F1B56FC-F72E-4B72-830A-04824AE86098}.Debug|Any CPU.Build.0 = Debug|Any CPU
		{7F1B56FC-F72E-4B72-830A-04824AE86098}.Release|Any CPU.ActiveCfg = Release|Any CPU
		{7F1B56FC-F72E-4B72-830A-04824AE86098}.Release|Any CPU.Build.0 = Release|Any CPU
		{62833E76-A34E-4A94-A631-CFA2234A4191}.Debug|Any CPU.ActiveCfg = Debug|Any CPU
		{62833E76-A34E-4A94-A631-CFA2234A4191}.Debug|Any CPU.Build.0 = Debug|Any CPU
		{62833E76-A34E-4A94-A631-CFA2234A4191}.Release|Any CPU.ActiveCfg = Release|Any CPU
		{62833E76-A34E-4A94-A631-CFA2234A4191}.Release|Any CPU.Build.0 = Release|Any CPU
	EndGlobalSection
	GlobalSection(SolutionProperties) = preSolution
		HideSolutionNode = FALSE
	EndGlobalSection
	GlobalSection(ExtensibilityGlobals) = postSolution
		SolutionGuid = {FCEAB05F-56F9-4049-818F-0485E9864C17}
	EndGlobalSection
EndGlobal
